// !$*UTF8*$!
{
	archiveVersion = 1;
	classes = {
	};
	objectVersion = 55;
	objects = {

/* Begin PBXBuildFile section */
		A58EC2DC27F1CE7E007566DC /* AppDelegate.swift in Sources */ = {isa = PBXBuildFile; fileRef = A58EC2DB27F1CE7E007566DC /* AppDelegate.swift */; };
		A58EC2DE27F1CE7E007566DC /* SceneDelegate.swift in Sources */ = {isa = PBXBuildFile; fileRef = A58EC2DD27F1CE7E007566DC /* SceneDelegate.swift */; };
		A58EC2E027F1CE7E007566DC /* ViewController.swift in Sources */ = {isa = PBXBuildFile; fileRef = A58EC2DF27F1CE7E007566DC /* ViewController.swift */; };
		A58EC2E327F1CE7E007566DC /* Main.storyboard in Resources */ = {isa = PBXBuildFile; fileRef = A58EC2E127F1CE7E007566DC /* Main.storyboard */; };
		A58EC2E527F1CE7F007566DC /* Assets.xcassets in Resources */ = {isa = PBXBuildFile; fileRef = A58EC2E427F1CE7F007566DC /* Assets.xcassets */; };
		A58EC2E827F1CE7F007566DC /* LaunchScreen.storyboard in Resources */ = {isa = PBXBuildFile; fileRef = A58EC2E627F1CE7F007566DC /* LaunchScreen.storyboard */; };
		A58EC2F227F1CEFB007566DC /* Localizable.strings in Resources */ = {isa = PBXBuildFile; fileRef = A58EC2F427F1CEFB007566DC /* Localizable.strings */; };
		A58EC2F927F1CF86007566DC /* Localization.swift in Sources */ = {isa = PBXBuildFile; fileRef = A58EC2F827F1CF86007566DC /* Localization.swift */; };
		A58EC2FC27F1D324007566DC /* NetworkManager.swift in Sources */ = {isa = PBXBuildFile; fileRef = A58EC2FB27F1D324007566DC /* NetworkManager.swift */; };
		A58EC2FF27F1DDAB007566DC /* DataLoader.swift in Sources */ = {isa = PBXBuildFile; fileRef = A58EC2FE27F1DDAB007566DC /* DataLoader.swift */; };
		A58EC30127F1DE3F007566DC /* Endpoint.swift in Sources */ = {isa = PBXBuildFile; fileRef = A58EC30027F1DE3F007566DC /* Endpoint.swift */; };
		A58EC30427F1E66A007566DC /* Model.swift in Sources */ = {isa = PBXBuildFile; fileRef = A58EC30327F1E66A007566DC /* Model.swift */; };
		A58EC30627F1E971007566DC /* RawRepositoriesModel.swift in Sources */ = {isa = PBXBuildFile; fileRef = A58EC30527F1E971007566DC /* RawRepositoriesModel.swift */; };
		A58EC30827F1F99F007566DC /* RepositoryManager.swift in Sources */ = {isa = PBXBuildFile; fileRef = A58EC30727F1F99F007566DC /* RepositoryManager.swift */; };
		A58EC30B27F20210007566DC /* ViewControllerFactory.swift in Sources */ = {isa = PBXBuildFile; fileRef = A58EC30A27F20210007566DC /* ViewControllerFactory.swift */; };
		A58EC30E27F203AF007566DC /* DropDownSearchViewController.swift in Sources */ = {isa = PBXBuildFile; fileRef = A58EC30D27F203AF007566DC /* DropDownSearchViewController.swift */; };
		A58EC31227F20B19007566DC /* SearchResultsView.swift in Sources */ = {isa = PBXBuildFile; fileRef = A58EC31127F20B19007566DC /* SearchResultsView.swift */; };
		A58EC31527F20B66007566DC /* SearchResultsView.xib in Resources */ = {isa = PBXBuildFile; fileRef = A58EC31427F20B66007566DC /* SearchResultsView.xib */; };
		A58EC31F27F215A1007566DC /* CompactTableViewCell.swift in Sources */ = {isa = PBXBuildFile; fileRef = A58EC31D27F215A1007566DC /* CompactTableViewCell.swift */; };
		A58EC32027F215A1007566DC /* CompactTableViewCell.xib in Resources */ = {isa = PBXBuildFile; fileRef = A58EC31E27F215A1007566DC /* CompactTableViewCell.xib */; };
		A58EC32327F221B7007566DC /* CellDelegate.swift in Sources */ = {isa = PBXBuildFile; fileRef = A58EC32227F221B7007566DC /* CellDelegate.swift */; };
		A58EC32527F2599E007566DC /* AlertViewController.swift in Sources */ = {isa = PBXBuildFile; fileRef = A58EC32427F2599E007566DC /* AlertViewController.swift */; };
/* End PBXBuildFile section */

/* Begin PBXFileReference section */
		A58EC2D827F1CE7E007566DC /* GitHubRepoSearch.app */ = {isa = PBXFileReference; explicitFileType = wrapper.application; includeInIndex = 0; path = GitHubRepoSearch.app; sourceTree = BUILT_PRODUCTS_DIR; };
		A58EC2DB27F1CE7E007566DC /* AppDelegate.swift */ = {isa = PBXFileReference; lastKnownFileType = sourcecode.swift; path = AppDelegate.swift; sourceTree = "<group>"; };
		A58EC2DD27F1CE7E007566DC /* SceneDelegate.swift */ = {isa = PBXFileReference; lastKnownFileType = sourcecode.swift; path = SceneDelegate.swift; sourceTree = "<group>"; };
		A58EC2DF27F1CE7E007566DC /* ViewController.swift */ = {isa = PBXFileReference; lastKnownFileType = sourcecode.swift; path = ViewController.swift; sourceTree = "<group>"; };
		A58EC2E227F1CE7E007566DC /* Base */ = {isa = PBXFileReference; lastKnownFileType = file.storyboard; name = Base; path = Base.lproj/Main.storyboard; sourceTree = "<group>"; };
		A58EC2E427F1CE7F007566DC /* Assets.xcassets */ = {isa = PBXFileReference; lastKnownFileType = folder.assetcatalog; path = Assets.xcassets; sourceTree = "<group>"; };
		A58EC2E727F1CE7F007566DC /* Base */ = {isa = PBXFileReference; lastKnownFileType = file.storyboard; name = Base; path = Base.lproj/LaunchScreen.storyboard; sourceTree = "<group>"; };
		A58EC2E927F1CE7F007566DC /* Info.plist */ = {isa = PBXFileReference; lastKnownFileType = text.plist.xml; path = Info.plist; sourceTree = "<group>"; };
		A58EC2F327F1CEFB007566DC /* en */ = {isa = PBXFileReference; lastKnownFileType = text.plist.strings; name = en; path = en.lproj/Localizable.strings; sourceTree = "<group>"; };
		A58EC2F527F1CF4A007566DC /* pl */ = {isa = PBXFileReference; lastKnownFileType = text.plist.strings; name = pl; path = pl.lproj/Main.strings; sourceTree = "<group>"; };
		A58EC2F627F1CF4A007566DC /* pl */ = {isa = PBXFileReference; lastKnownFileType = text.plist.strings; name = pl; path = pl.lproj/LaunchScreen.strings; sourceTree = "<group>"; };
		A58EC2F727F1CF4A007566DC /* pl */ = {isa = PBXFileReference; lastKnownFileType = text.plist.strings; name = pl; path = pl.lproj/Localizable.strings; sourceTree = "<group>"; };
		A58EC2F827F1CF86007566DC /* Localization.swift */ = {isa = PBXFileReference; lastKnownFileType = sourcecode.swift; path = Localization.swift; sourceTree = "<group>"; };
		A58EC2FB27F1D324007566DC /* NetworkManager.swift */ = {isa = PBXFileReference; lastKnownFileType = sourcecode.swift; path = NetworkManager.swift; sourceTree = "<group>"; };
		A58EC2FE27F1DDAB007566DC /* DataLoader.swift */ = {isa = PBXFileReference; lastKnownFileType = sourcecode.swift; path = DataLoader.swift; sourceTree = "<group>"; };
		A58EC30027F1DE3F007566DC /* Endpoint.swift */ = {isa = PBXFileReference; lastKnownFileType = sourcecode.swift; path = Endpoint.swift; sourceTree = "<group>"; };
		A58EC30327F1E66A007566DC /* Model.swift */ = {isa = PBXFileReference; lastKnownFileType = sourcecode.swift; path = Model.swift; sourceTree = "<group>"; };
		A58EC30527F1E971007566DC /* RawRepositoriesModel.swift */ = {isa = PBXFileReference; lastKnownFileType = sourcecode.swift; path = RawRepositoriesModel.swift; sourceTree = "<group>"; };
		A58EC30727F1F99F007566DC /* RepositoryManager.swift */ = {isa = PBXFileReference; lastKnownFileType = sourcecode.swift; path = RepositoryManager.swift; sourceTree = "<group>"; };
		A58EC30A27F20210007566DC /* ViewControllerFactory.swift */ = {isa = PBXFileReference; lastKnownFileType = sourcecode.swift; path = ViewControllerFactory.swift; sourceTree = "<group>"; };
		A58EC30D27F203AF007566DC /* DropDownSearchViewController.swift */ = {isa = PBXFileReference; lastKnownFileType = sourcecode.swift; path = DropDownSearchViewController.swift; sourceTree = "<group>"; };
		A58EC31127F20B19007566DC /* SearchResultsView.swift */ = {isa = PBXFileReference; lastKnownFileType = sourcecode.swift; path = SearchResultsView.swift; sourceTree = "<group>"; };
		A58EC31427F20B66007566DC /* SearchResultsView.xib */ = {isa = PBXFileReference; lastKnownFileType = file.xib; path = SearchResultsView.xib; sourceTree = "<group>"; };
		A58EC31D27F215A1007566DC /* CompactTableViewCell.swift */ = {isa = PBXFileReference; lastKnownFileType = sourcecode.swift; path = CompactTableViewCell.swift; sourceTree = "<group>"; };
		A58EC31E27F215A1007566DC /* CompactTableViewCell.xib */ = {isa = PBXFileReference; lastKnownFileType = file.xib; path = CompactTableViewCell.xib; sourceTree = "<group>"; };
		A58EC32227F221B7007566DC /* CellDelegate.swift */ = {isa = PBXFileReference; lastKnownFileType = sourcecode.swift; path = CellDelegate.swift; sourceTree = "<group>"; };
		A58EC32427F2599E007566DC /* AlertViewController.swift */ = {isa = PBXFileReference; lastKnownFileType = sourcecode.swift; path = AlertViewController.swift; sourceTree = "<group>"; };
/* End PBXFileReference section */

/* Begin PBXFrameworksBuildPhase section */
		A58EC2D527F1CE7E007566DC /* Frameworks */ = {
			isa = PBXFrameworksBuildPhase;
			buildActionMask = 2147483647;
			files = (
			);
			runOnlyForDeploymentPostprocessing = 0;
		};
/* End PBXFrameworksBuildPhase section */

/* Begin PBXGroup section */
		A58EC2CF27F1CE7E007566DC = {
			isa = PBXGroup;
			children = (
				A58EC2DA27F1CE7E007566DC /* GitHubRepoSearch */,
				A58EC2D927F1CE7E007566DC /* Products */,
			);
			sourceTree = "<group>";
		};
		A58EC2D927F1CE7E007566DC /* Products */ = {
			isa = PBXGroup;
			children = (
				A58EC2D827F1CE7E007566DC /* GitHubRepoSearch.app */,
			);
			name = Products;
			sourceTree = "<group>";
		};
		A58EC2DA27F1CE7E007566DC /* GitHubRepoSearch */ = {
			isa = PBXGroup;
			children = (
				A58EC2DB27F1CE7E007566DC /* AppDelegate.swift */,
				A58EC2EF27F1CECB007566DC /* Localizations */,
				A58EC2DD27F1CE7E007566DC /* SceneDelegate.swift */,
				A58EC31327F20B22007566DC /* Views */,
				A58EC30927F201FA007566DC /* Utilities */,
				A58EC30227F1E661007566DC /* Model */,
				A58EC2FA27F1D31B007566DC /* Managers */,
				A58EC30C27F20384007566DC /* ViewControllers */,
				A58EC2E127F1CE7E007566DC /* Main.storyboard */,
				A58EC2E427F1CE7F007566DC /* Assets.xcassets */,
				A58EC2E627F1CE7F007566DC /* LaunchScreen.storyboard */,
				A58EC2E927F1CE7F007566DC /* Info.plist */,
			);
			path = GitHubRepoSearch;
			sourceTree = "<group>";
		};
		A58EC2EF27F1CECB007566DC /* Localizations */ = {
			isa = PBXGroup;
			children = (
				A58EC2F427F1CEFB007566DC /* Localizable.strings */,
				A58EC2F827F1CF86007566DC /* Localization.swift */,
			);
			path = Localizations;
			sourceTree = "<group>";
		};
		A58EC2FA27F1D31B007566DC /* Managers */ = {
			isa = PBXGroup;
			children = (
				A58EC2FD27F1DBCB007566DC /* Network */,
			);
			path = Managers;
			sourceTree = "<group>";
		};
		A58EC2FD27F1DBCB007566DC /* Network */ = {
			isa = PBXGroup;
			children = (
				A58EC2FB27F1D324007566DC /* NetworkManager.swift */,
				A58EC30727F1F99F007566DC /* RepositoryManager.swift */,
				A58EC2FE27F1DDAB007566DC /* DataLoader.swift */,
				A58EC30027F1DE3F007566DC /* Endpoint.swift */,
			);
			path = Network;
			sourceTree = "<group>";
		};
		A58EC30227F1E661007566DC /* Model */ = {
			isa = PBXGroup;
			children = (
				A58EC30327F1E66A007566DC /* Model.swift */,
				A58EC30527F1E971007566DC /* RawRepositoriesModel.swift */,
			);
			path = Model;
			sourceTree = "<group>";
		};
		A58EC30927F201FA007566DC /* Utilities */ = {
			isa = PBXGroup;
			children = (
				A58EC30A27F20210007566DC /* ViewControllerFactory.swift */,
			);
			path = Utilities;
			sourceTree = "<group>";
		};
		A58EC30C27F20384007566DC /* ViewControllers */ = {
			isa = PBXGroup;
			children = (
				A58EC32427F2599E007566DC /* AlertViewController.swift */,
				A58EC2DF27F1CE7E007566DC /* ViewController.swift */,
				A58EC30D27F203AF007566DC /* DropDownSearchViewController.swift */,
			);
			path = ViewControllers;
			sourceTree = "<group>";
		};
		A58EC31327F20B22007566DC /* Views */ = {
			isa = PBXGroup;
			children = (
				A58EC31127F20B19007566DC /* SearchResultsView.swift */,
				A58EC31427F20B66007566DC /* SearchResultsView.xib */,
				A58EC32127F22190007566DC /* TableViewCells */,
			);
			path = Views;
			sourceTree = "<group>";
		};
		A58EC31C27F20E5C007566DC /* CompactTableViewCell */ = {
			isa = PBXGroup;
			children = (
				A58EC31D27F215A1007566DC /* CompactTableViewCell.swift */,
				A58EC31E27F215A1007566DC /* CompactTableViewCell.xib */,
			);
			path = CompactTableViewCell;
			sourceTree = "<group>";
		};
		A58EC32127F22190007566DC /* TableViewCells */ = {
			isa = PBXGroup;
			children = (
				A58EC31C27F20E5C007566DC /* CompactTableViewCell */,
				A58EC32227F221B7007566DC /* CellDelegate.swift */,
			);
			path = TableViewCells;
			sourceTree = "<group>";
		};
/* End PBXGroup section */

/* Begin PBXNativeTarget section */
		A58EC2D727F1CE7E007566DC /* GitHubRepoSearch */ = {
			isa = PBXNativeTarget;
			buildConfigurationList = A58EC2EC27F1CE7F007566DC /* Build configuration list for PBXNativeTarget "GitHubRepoSearch" */;
			buildPhases = (
				A58EC2D427F1CE7E007566DC /* Sources */,
				A58EC2D527F1CE7E007566DC /* Frameworks */,
				A58EC2D627F1CE7E007566DC /* Resources */,
			);
			buildRules = (
			);
			dependencies = (
			);
			name = GitHubRepoSearch;
			productName = GitHubRepoSearch;
			productReference = A58EC2D827F1CE7E007566DC /* GitHubRepoSearch.app */;
			productType = "com.apple.product-type.application";
		};
/* End PBXNativeTarget section */

/* Begin PBXProject section */
		A58EC2D027F1CE7E007566DC /* Project object */ = {
			isa = PBXProject;
			attributes = {
				BuildIndependentTargetsInParallel = 1;
				LastSwiftUpdateCheck = 1320;
				LastUpgradeCheck = 1320;
				TargetAttributes = {
					A58EC2D727F1CE7E007566DC = {
						CreatedOnToolsVersion = 13.2.1;
					};
				};
			};
			buildConfigurationList = A58EC2D327F1CE7E007566DC /* Build configuration list for PBXProject "GitHubRepoSearch" */;
			compatibilityVersion = "Xcode 13.0";
			developmentRegion = en;
			hasScannedForEncodings = 0;
			knownRegions = (
				en,
				Base,
				pl,
			);
			mainGroup = A58EC2CF27F1CE7E007566DC;
			productRefGroup = A58EC2D927F1CE7E007566DC /* Products */;
			projectDirPath = "";
			projectRoot = "";
			targets = (
				A58EC2D727F1CE7E007566DC /* GitHubRepoSearch */,
			);
		};
/* End PBXProject section */

/* Begin PBXResourcesBuildPhase section */
		A58EC2D627F1CE7E007566DC /* Resources */ = {
			isa = PBXResourcesBuildPhase;
			buildActionMask = 2147483647;
			files = (
				A58EC2E827F1CE7F007566DC /* LaunchScreen.storyboard in Resources */,
				A58EC32027F215A1007566DC /* CompactTableViewCell.xib in Resources */,
				A58EC2F227F1CEFB007566DC /* Localizable.strings in Resources */,
				A58EC31527F20B66007566DC /* SearchResultsView.xib in Resources */,
				A58EC2E527F1CE7F007566DC /* Assets.xcassets in Resources */,
				A58EC2E327F1CE7E007566DC /* Main.storyboard in Resources */,
			);
			runOnlyForDeploymentPostprocessing = 0;
		};
/* End PBXResourcesBuildPhase section */

/* Begin PBXSourcesBuildPhase section */
		A58EC2D427F1CE7E007566DC /* Sources */ = {
			isa = PBXSourcesBuildPhase;
			buildActionMask = 2147483647;
			files = (
				A58EC30127F1DE3F007566DC /* Endpoint.swift in Sources */,
				A58EC2E027F1CE7E007566DC /* ViewController.swift in Sources */,
				A58EC30627F1E971007566DC /* RawRepositoriesModel.swift in Sources */,
				A58EC2DC27F1CE7E007566DC /* AppDelegate.swift in Sources */,
				A58EC2FF27F1DDAB007566DC /* DataLoader.swift in Sources */,
				A58EC2FC27F1D324007566DC /* NetworkManager.swift in Sources */,
				A58EC2F927F1CF86007566DC /* Localization.swift in Sources */,
				A58EC32327F221B7007566DC /* CellDelegate.swift in Sources */,
				A58EC30E27F203AF007566DC /* DropDownSearchViewController.swift in Sources */,
				A58EC31227F20B19007566DC /* SearchResultsView.swift in Sources */,
				A58EC2DE27F1CE7E007566DC /* SceneDelegate.swift in Sources */,
				A58EC30427F1E66A007566DC /* Model.swift in Sources */,
				A58EC30827F1F99F007566DC /* RepositoryManager.swift in Sources */,
				A58EC32527F2599E007566DC /* AlertViewController.swift in Sources */,
				A58EC30B27F20210007566DC /* ViewControllerFactory.swift in Sources */,
				A58EC31F27F215A1007566DC /* CompactTableViewCell.swift in Sources */,
			);
			runOnlyForDeploymentPostprocessing = 0;
		};
/* End PBXSourcesBuildPhase section */

/* Begin PBXVariantGroup section */
		A58EC2E127F1CE7E007566DC /* Main.storyboard */ = {
			isa = PBXVariantGroup;
			children = (
				A58EC2E227F1CE7E007566DC /* Base */,
				A58EC2F527F1CF4A007566DC /* pl */,
			);
			name = Main.storyboard;
			sourceTree = "<group>";
		};
		A58EC2E627F1CE7F007566DC /* LaunchScreen.storyboard */ = {
			isa = PBXVariantGroup;
			children = (
				A58EC2E727F1CE7F007566DC /* Base */,
				A58EC2F627F1CF4A007566DC /* pl */,
			);
			name = LaunchScreen.storyboard;
			sourceTree = "<group>";
		};
		A58EC2F427F1CEFB007566DC /* Localizable.strings */ = {
			isa = PBXVariantGroup;
			children = (
				A58EC2F327F1CEFB007566DC /* en */,
				A58EC2F727F1CF4A007566DC /* pl */,
			);
			name = Localizable.strings;
			sourceTree = "<group>";
		};
/* End PBXVariantGroup section */

/* Begin XCBuildConfiguration section */
		A58EC2EA27F1CE7F007566DC /* Debug */ = {
			isa = XCBuildConfiguration;
			buildSettings = {
				ALWAYS_SEARCH_USER_PATHS = NO;
				CLANG_ANALYZER_LOCALIZABILITY_NONLOCALIZED = YES;
				CLANG_ANALYZER_NONNULL = YES;
				CLANG_ANALYZER_NUMBER_OBJECT_CONVERSION = YES_AGGRESSIVE;
				CLANG_CXX_LANGUAGE_STANDARD = "gnu++17";
				CLANG_CXX_LIBRARY = "libc++";
				CLANG_ENABLE_MODULES = YES;
				CLANG_ENABLE_OBJC_ARC = YES;
				CLANG_ENABLE_OBJC_WEAK = YES;
				CLANG_WARN_BLOCK_CAPTURE_AUTORELEASING = YES;
				CLANG_WARN_BOOL_CONVERSION = YES;
				CLANG_WARN_COMMA = YES;
				CLANG_WARN_CONSTANT_CONVERSION = YES;
				CLANG_WARN_DEPRECATED_OBJC_IMPLEMENTATIONS = YES;
				CLANG_WARN_DIRECT_OBJC_ISA_USAGE = YES_ERROR;
				CLANG_WARN_DOCUMENTATION_COMMENTS = YES;
				CLANG_WARN_EMPTY_BODY = YES;
				CLANG_WARN_ENUM_CONVERSION = YES;
				CLANG_WARN_INFINITE_RECURSION = YES;
				CLANG_WARN_INT_CONVERSION = YES;
				CLANG_WARN_NON_LITERAL_NULL_CONVERSION = YES;
				CLANG_WARN_OBJC_IMPLICIT_RETAIN_SELF = YES;
				CLANG_WARN_OBJC_LITERAL_CONVERSION = YES;
				CLANG_WARN_OBJC_ROOT_CLASS = YES_ERROR;
				CLANG_WARN_QUOTED_INCLUDE_IN_FRAMEWORK_HEADER = YES;
				CLANG_WARN_RANGE_LOOP_ANALYSIS = YES;
				CLANG_WARN_STRICT_PROTOTYPES = YES;
				CLANG_WARN_SUSPICIOUS_MOVE = YES;
				CLANG_WARN_UNGUARDED_AVAILABILITY = YES_AGGRESSIVE;
				CLANG_WARN_UNREACHABLE_CODE = YES;
				CLANG_WARN__DUPLICATE_METHOD_MATCH = YES;
				COPY_PHASE_STRIP = NO;
				DEBUG_INFORMATION_FORMAT = dwarf;
				ENABLE_STRICT_OBJC_MSGSEND = YES;
				ENABLE_TESTABILITY = YES;
				GCC_C_LANGUAGE_STANDARD = gnu11;
				GCC_DYNAMIC_NO_PIC = NO;
				GCC_NO_COMMON_BLOCKS = YES;
				GCC_OPTIMIZATION_LEVEL = 0;
				GCC_PREPROCESSOR_DEFINITIONS = (
					"DEBUG=1",
					"$(inherited)",
				);
				GCC_WARN_64_TO_32_BIT_CONVERSION = YES;
				GCC_WARN_ABOUT_RETURN_TYPE = YES_ERROR;
				GCC_WARN_UNDECLARED_SELECTOR = YES;
				GCC_WARN_UNINITIALIZED_AUTOS = YES_AGGRESSIVE;
				GCC_WARN_UNUSED_FUNCTION = YES;
				GCC_WARN_UNUSED_VARIABLE = YES;
				IPHONEOS_DEPLOYMENT_TARGET = 15.2;
				MTL_ENABLE_DEBUG_INFO = INCLUDE_SOURCE;
				MTL_FAST_MATH = YES;
				ONLY_ACTIVE_ARCH = YES;
				SDKROOT = iphoneos;
				SWIFT_ACTIVE_COMPILATION_CONDITIONS = DEBUG;
				SWIFT_OPTIMIZATION_LEVEL = "-Onone";
			};
			name = Debug;
		};
		A58EC2EB27F1CE7F007566DC /* Release */ = {
			isa = XCBuildConfiguration;
			buildSettings = {
				ALWAYS_SEARCH_USER_PATHS = NO;
				CLANG_ANALYZER_LOCALIZABILITY_NONLOCALIZED = YES;
				CLANG_ANALYZER_NONNULL = YES;
				CLANG_ANALYZER_NUMBER_OBJECT_CONVERSION = YES_AGGRESSIVE;
				CLANG_CXX_LANGUAGE_STANDARD = "gnu++17";
				CLANG_CXX_LIBRARY = "libc++";
				CLANG_ENABLE_MODULES = YES;
				CLANG_ENABLE_OBJC_ARC = YES;
				CLANG_ENABLE_OBJC_WEAK = YES;
				CLANG_WARN_BLOCK_CAPTURE_AUTORELEASING = YES;
				CLANG_WARN_BOOL_CONVERSION = YES;
				CLANG_WARN_COMMA = YES;
				CLANG_WARN_CONSTANT_CONVERSION = YES;
				CLANG_WARN_DEPRECATED_OBJC_IMPLEMENTATIONS = YES;
				CLANG_WARN_DIRECT_OBJC_ISA_USAGE = YES_ERROR;
				CLANG_WARN_DOCUMENTATION_COMMENTS = YES;
				CLANG_WARN_EMPTY_BODY = YES;
				CLANG_WARN_ENUM_CONVERSION = YES;
				CLANG_WARN_INFINITE_RECURSION = YES;
				CLANG_WARN_INT_CONVERSION = YES;
				CLANG_WARN_NON_LITERAL_NULL_CONVERSION = YES;
				CLANG_WARN_OBJC_IMPLICIT_RETAIN_SELF = YES;
				CLANG_WARN_OBJC_LITERAL_CONVERSION = YES;
				CLANG_WARN_OBJC_ROOT_CLASS = YES_ERROR;
				CLANG_WARN_QUOTED_INCLUDE_IN_FRAMEWORK_HEADER = YES;
				CLANG_WARN_RANGE_LOOP_ANALYSIS = YES;
				CLANG_WARN_STRICT_PROTOTYPES = YES;
				CLANG_WARN_SUSPICIOUS_MOVE = YES;
				CLANG_WARN_UNGUARDED_AVAILABILITY = YES_AGGRESSIVE;
				CLANG_WARN_UNREACHABLE_CODE = YES;
				CLANG_WARN__DUPLICATE_METHOD_MATCH = YES;
				COPY_PHASE_STRIP = NO;
				DEBUG_INFORMATION_FORMAT = "dwarf-with-dsym";
				ENABLE_NS_ASSERTIONS = NO;
				ENABLE_STRICT_OBJC_MSGSEND = YES;
				GCC_C_LANGUAGE_STANDARD = gnu11;
				GCC_NO_COMMON_BLOCKS = YES;
				GCC_WARN_64_TO_32_BIT_CONVERSION = YES;
				GCC_WARN_ABOUT_RETURN_TYPE = YES_ERROR;
				GCC_WARN_UNDECLARED_SELECTOR = YES;
				GCC_WARN_UNINITIALIZED_AUTOS = YES_AGGRESSIVE;
				GCC_WARN_UNUSED_FUNCTION = YES;
				GCC_WARN_UNUSED_VARIABLE = YES;
				IPHONEOS_DEPLOYMENT_TARGET = 15.2;
				MTL_ENABLE_DEBUG_INFO = NO;
				MTL_FAST_MATH = YES;
				SDKROOT = iphoneos;
				SWIFT_COMPILATION_MODE = wholemodule;
				SWIFT_OPTIMIZATION_LEVEL = "-O";
				VALIDATE_PRODUCT = YES;
			};
			name = Release;
		};
		A58EC2ED27F1CE7F007566DC /* Debug */ = {
			isa = XCBuildConfiguration;
			buildSettings = {
				ASSETCATALOG_COMPILER_APPICON_NAME = AppIcon;
				ASSETCATALOG_COMPILER_GLOBAL_ACCENT_COLOR_NAME = AccentColor;
				CODE_SIGN_STYLE = Automatic;
				CURRENT_PROJECT_VERSION = 1;
				DEVELOPMENT_TEAM = HUYT8H6334;
				GENERATE_INFOPLIST_FILE = YES;
				INFOPLIST_FILE = GitHubRepoSearch/Info.plist;
				INFOPLIST_KEY_UIApplicationSupportsIndirectInputEvents = YES;
				INFOPLIST_KEY_UILaunchStoryboardName = LaunchScreen;
				INFOPLIST_KEY_UIMainStoryboardFile = Main;
				INFOPLIST_KEY_UISupportedInterfaceOrientations = UIInterfaceOrientationPortrait;
				INFOPLIST_KEY_UISupportedInterfaceOrientations_iPad = "UIInterfaceOrientationPortrait UIInterfaceOrientationPortraitUpsideDown UIInterfaceOrientationLandscapeLeft UIInterfaceOrientationLandscapeRight";
				INFOPLIST_KEY_UISupportedInterfaceOrientations_iPhone = "UIInterfaceOrientationPortrait UIInterfaceOrientationLandscapeLeft UIInterfaceOrientationLandscapeRight";
				IPHONEOS_DEPLOYMENT_TARGET = 13.0;
				LD_RUNPATH_SEARCH_PATHS = (
					"$(inherited)",
					"@executable_path/Frameworks",
				);
				MARKETING_VERSION = 1.0;
				PRODUCT_BUNDLE_IDENTIFIER = alexChekushkin.GitHubRepoSearch;
				PRODUCT_NAME = "$(TARGET_NAME)";
				SWIFT_EMIT_LOC_STRINGS = YES;
				SWIFT_VERSION = 5.0;
				TARGETED_DEVICE_FAMILY = "1,2";
			};
			name = Debug;
		};
		A58EC2EE27F1CE7F007566DC /* Release */ = {
			isa = XCBuildConfiguration;
			buildSettings = {
				ASSETCATALOG_COMPILER_APPICON_NAME = AppIcon;
				ASSETCATALOG_COMPILER_GLOBAL_ACCENT_COLOR_NAME = AccentColor;
				CODE_SIGN_STYLE = Automatic;
				CURRENT_PROJECT_VERSION = 1;
				DEVELOPMENT_TEAM = HUYT8H6334;
				GENERATE_INFOPLIST_FILE = YES;
				INFOPLIST_FILE = GitHubRepoSearch/Info.plist;
				INFOPLIST_KEY_UIApplicationSupportsIndirectInputEvents = YES;
				INFOPLIST_KEY_UILaunchStoryboardName = LaunchScreen;
				INFOPLIST_KEY_UIMainStoryboardFile = Main;
				INFOPLIST_KEY_UISupportedInterfaceOrientations = UIInterfaceOrientationPortrait;
				INFOPLIST_KEY_UISupportedInterfaceOrientations_iPad = "UIInterfaceOrientationPortrait UIInterfaceOrientationPortraitUpsideDown UIInterfaceOrientationLandscapeLeft UIInterfaceOrientationLandscapeRight";
				INFOPLIST_KEY_UISupportedInterfaceOrientations_iPhone = "UIInterfaceOrientationPortrait UIInterfaceOrientationLandscapeLeft UIInterfaceOrientationLandscapeRight";
				IPHONEOS_DEPLOYMENT_TARGET = 13.0;
				LD_RUNPATH_SEARCH_PATHS = (
					"$(inherited)",
					"@executable_path/Frameworks",
				);
				MARKETING_VERSION = 1.0;
				PRODUCT_BUNDLE_IDENTIFIER = alexChekushkin.GitHubRepoSearch;
				PRODUCT_NAME = "$(TARGET_NAME)";
				SWIFT_EMIT_LOC_STRINGS = YES;
				SWIFT_VERSION = 5.0;
				TARGETED_DEVICE_FAMILY = "1,2";
			};
			name = Release;
		};
/* End XCBuildConfiguration section */

/* Begin XCConfigurationList section */
		A58EC2D327F1CE7E007566DC /* Build configuration list for PBXProject "GitHubRepoSearch" */ = {
			isa = XCConfigurationList;
			buildConfigurations = (
				A58EC2EA27F1CE7F007566DC /* Debug */,
				A58EC2EB27F1CE7F007566DC /* Release */,
			);
			defaultConfigurationIsVisible = 0;
			defaultConfigurationName = Release;
		};
		A58EC2EC27F1CE7F007566DC /* Build configuration list for PBXNativeTarget "GitHubRepoSearch" */ = {
			isa = XCConfigurationList;
			buildConfigurations = (
				A58EC2ED27F1CE7F007566DC /* Debug */,
				A58EC2EE27F1CE7F007566DC /* Release */,
			);
			defaultConfigurationIsVisible = 0;
			defaultConfigurationName = Release;
		};
/* End XCConfigurationList section */
	};
	rootObject = A58EC2D027F1CE7E007566DC /* Project object */;
}
